// !$*UTF8*$!
{
	archiveVersion = 1;
	classes = {
	};
	objectVersion = 55;
	objects = {

/* Begin PBXBuildFile section */
		6F7C932E28B3B51400E44DDC /* AppDelegate.swift in Sources */ = {isa = PBXBuildFile; fileRef = 6F7C932D28B3B51400E44DDC /* AppDelegate.swift */; };
		6F7C933028B3B51400E44DDC /* SceneDelegate.swift in Sources */ = {isa = PBXBuildFile; fileRef = 6F7C932F28B3B51400E44DDC /* SceneDelegate.swift */; };
		6F7C933528B3B51400E44DDC /* Main.storyboard in Resources */ = {isa = PBXBuildFile; fileRef = 6F7C933328B3B51400E44DDC /* Main.storyboard */; };
		6F7C933728B3B51400E44DDC /* Assets.xcassets in Resources */ = {isa = PBXBuildFile; fileRef = 6F7C933628B3B51400E44DDC /* Assets.xcassets */; };
		6F7C933A28B3B51400E44DDC /* LaunchScreen.storyboard in Resources */ = {isa = PBXBuildFile; fileRef = 6F7C933828B3B51400E44DDC /* LaunchScreen.storyboard */; };
		6F7C934228B3B9F000E44DDC /* CollectionViewController.swift in Sources */ = {isa = PBXBuildFile; fileRef = 6F7C934128B3B9F000E44DDC /* CollectionViewController.swift */; };
		6F7C934C28B3BB5400E44DDC /* FishCollectionViewCell.swift in Sources */ = {isa = PBXBuildFile; fileRef = 6F7C934A28B3BB5400E44DDC /* FishCollectionViewCell.swift */; };
		6F7C934D28B3BB5400E44DDC /* FishCollectionViewCell.xib in Resources */ = {isa = PBXBuildFile; fileRef = 6F7C934B28B3BB5400E44DDC /* FishCollectionViewCell.xib */; };
		6F7C934F28B3BCC000E44DDC /* Fish.swift in Sources */ = {isa = PBXBuildFile; fileRef = 6F7C934E28B3BCC000E44DDC /* Fish.swift */; };
		6F7C935228B3C69400E44DDC /* DetailsViewController.swift in Sources */ = {isa = PBXBuildFile; fileRef = 6F7C935128B3C69400E44DDC /* DetailsViewController.swift */; };
		6F7C935628B633A800E44DDC /* GriddedContentCollectionViewDelegate.swift in Sources */ = {isa = PBXBuildFile; fileRef = 6F7C935528B633A800E44DDC /* GriddedContentCollectionViewDelegate.swift */; };
		6F7C935828B6355B00E44DDC /* TabledContentCollectionViewDelegate.swift in Sources */ = {isa = PBXBuildFile; fileRef = 6F7C935728B6355B00E44DDC /* TabledContentCollectionViewDelegate.swift */; };
		6F7C935A28B636C700E44DDC /* DefaultCollectionViewDelegate.swift in Sources */ = {isa = PBXBuildFile; fileRef = 6F7C935928B636C700E44DDC /* DefaultCollectionViewDelegate.swift */; };
		82CA1CCE80CE872CEA8D667A /* Pods_CollectionView.framework in Frameworks */ = {isa = PBXBuildFile; fileRef = 1ADF6FB7931F6A395BE104B5 /* Pods_CollectionView.framework */; };
/* End PBXBuildFile section */

/* Begin PBXFileReference section */
		1ADF6FB7931F6A395BE104B5 /* Pods_CollectionView.framework */ = {isa = PBXFileReference; explicitFileType = wrapper.framework; includeInIndex = 0; path = Pods_CollectionView.framework; sourceTree = BUILT_PRODUCTS_DIR; };
		6F7C932A28B3B51400E44DDC /* CollectionView.app */ = {isa = PBXFileReference; explicitFileType = wrapper.application; includeInIndex = 0; path = CollectionView.app; sourceTree = BUILT_PRODUCTS_DIR; };
		6F7C932D28B3B51400E44DDC /* AppDelegate.swift */ = {isa = PBXFileReference; lastKnownFileType = sourcecode.swift; path = AppDelegate.swift; sourceTree = "<group>"; };
		6F7C932F28B3B51400E44DDC /* SceneDelegate.swift */ = {isa = PBXFileReference; lastKnownFileType = sourcecode.swift; path = SceneDelegate.swift; sourceTree = "<group>"; };
		6F7C933428B3B51400E44DDC /* Base */ = {isa = PBXFileReference; lastKnownFileType = file.storyboard; name = Base; path = Base.lproj/Main.storyboard; sourceTree = "<group>"; };
		6F7C933628B3B51400E44DDC /* Assets.xcassets */ = {isa = PBXFileReference; lastKnownFileType = folder.assetcatalog; path = Assets.xcassets; sourceTree = "<group>"; };
		6F7C933928B3B51400E44DDC /* Base */ = {isa = PBXFileReference; lastKnownFileType = file.storyboard; name = Base; path = Base.lproj/LaunchScreen.storyboard; sourceTree = "<group>"; };
		6F7C933B28B3B51400E44DDC /* Info.plist */ = {isa = PBXFileReference; lastKnownFileType = text.plist.xml; path = Info.plist; sourceTree = "<group>"; };
		6F7C934128B3B9F000E44DDC /* CollectionViewController.swift */ = {isa = PBXFileReference; lastKnownFileType = sourcecode.swift; path = CollectionViewController.swift; sourceTree = "<group>"; };
		6F7C934A28B3BB5400E44DDC /* FishCollectionViewCell.swift */ = {isa = PBXFileReference; lastKnownFileType = sourcecode.swift; path = FishCollectionViewCell.swift; sourceTree = "<group>"; };
		6F7C934B28B3BB5400E44DDC /* FishCollectionViewCell.xib */ = {isa = PBXFileReference; lastKnownFileType = file.xib; path = FishCollectionViewCell.xib; sourceTree = "<group>"; };
		6F7C934E28B3BCC000E44DDC /* Fish.swift */ = {isa = PBXFileReference; lastKnownFileType = sourcecode.swift; path = Fish.swift; sourceTree = "<group>"; };
		6F7C935128B3C69400E44DDC /* DetailsViewController.swift */ = {isa = PBXFileReference; lastKnownFileType = sourcecode.swift; path = DetailsViewController.swift; sourceTree = "<group>"; };
		6F7C935528B633A800E44DDC /* GriddedContentCollectionViewDelegate.swift */ = {isa = PBXFileReference; lastKnownFileType = sourcecode.swift; path = GriddedContentCollectionViewDelegate.swift; sourceTree = "<group>"; };
		6F7C935728B6355B00E44DDC /* TabledContentCollectionViewDelegate.swift */ = {isa = PBXFileReference; lastKnownFileType = sourcecode.swift; path = TabledContentCollectionViewDelegate.swift; sourceTree = "<group>"; };
		6F7C935928B636C700E44DDC /* DefaultCollectionViewDelegate.swift */ = {isa = PBXFileReference; lastKnownFileType = sourcecode.swift; path = DefaultCollectionViewDelegate.swift; sourceTree = "<group>"; };
		B2C4F56E0509D6B1933866D2 /* Pods-CollectionView.release.xcconfig */ = {isa = PBXFileReference; includeInIndex = 1; lastKnownFileType = text.xcconfig; name = "Pods-CollectionView.release.xcconfig"; path = "Target Support Files/Pods-CollectionView/Pods-CollectionView.release.xcconfig"; sourceTree = "<group>"; };
		CABE03A0D48579FD5E8E12F7 /* Pods-CollectionView.debug.xcconfig */ = {isa = PBXFileReference; includeInIndex = 1; lastKnownFileType = text.xcconfig; name = "Pods-CollectionView.debug.xcconfig"; path = "Target Support Files/Pods-CollectionView/Pods-CollectionView.debug.xcconfig"; sourceTree = "<group>"; };
/* End PBXFileReference section */

/* Begin PBXFrameworksBuildPhase section */
		6F7C932728B3B51400E44DDC /* Frameworks */ = {
			isa = PBXFrameworksBuildPhase;
			buildActionMask = 2147483647;
			files = (
				82CA1CCE80CE872CEA8D667A /* Pods_CollectionView.framework in Frameworks */,
			);
			runOnlyForDeploymentPostprocessing = 0;
		};
/* End PBXFrameworksBuildPhase section */

/* Begin PBXGroup section */
		31FBA262D3266CDE8030A0E1 /* Frameworks */ = {
			isa = PBXGroup;
			children = (
				1ADF6FB7931F6A395BE104B5 /* Pods_CollectionView.framework */,
			);
			name = Frameworks;
			sourceTree = "<group>";
		};
		6F7C932128B3B51400E44DDC = {
			isa = PBXGroup;
			children = (
				6F7C932C28B3B51400E44DDC /* CollectionView */,
				6F7C932B28B3B51400E44DDC /* Products */,
				787E04B4D2764E0224A8429F /* Pods */,
				31FBA262D3266CDE8030A0E1 /* Frameworks */,
			);
			sourceTree = "<group>";
		};
		6F7C932B28B3B51400E44DDC /* Products */ = {
			isa = PBXGroup;
			children = (
				6F7C932A28B3B51400E44DDC /* CollectionView.app */,
			);
			name = Products;
			sourceTree = "<group>";
		};
		6F7C932C28B3B51400E44DDC /* CollectionView */ = {
			isa = PBXGroup;
			children = (
				6F7C934328B3BAB900E44DDC /* Model */,
				6F7C934528B3BADE00E44DDC /* Views */,
				6F7C934428B3BAC200E44DDC /* Controllers */,
				6F7C932D28B3B51400E44DDC /* AppDelegate.swift */,
				6F7C932F28B3B51400E44DDC /* SceneDelegate.swift */,
				6F7C933628B3B51400E44DDC /* Assets.xcassets */,
				6F7C933828B3B51400E44DDC /* LaunchScreen.storyboard */,
				6F7C933B28B3B51400E44DDC /* Info.plist */,
			);
			path = CollectionView;
			sourceTree = "<group>";
		};
		6F7C934328B3BAB900E44DDC /* Model */ = {
			isa = PBXGroup;
			children = (
				6F7C934E28B3BCC000E44DDC /* Fish.swift */,
			);
			path = Model;
			sourceTree = "<group>";
		};
		6F7C934428B3BAC200E44DDC /* Controllers */ = {
			isa = PBXGroup;
			children = (
				6F7C933328B3B51400E44DDC /* Main.storyboard */,
				6F7C935428B3DB3900E44DDC /* Details */,
				6F7C935328B3DB2600E44DDC /* Collection */,
			);
			path = Controllers;
			sourceTree = "<group>";
		};
		6F7C934528B3BADE00E44DDC /* Views */ = {
			isa = PBXGroup;
			children = (
				6F7C934A28B3BB5400E44DDC /* FishCollectionViewCell.swift */,
				6F7C934B28B3BB5400E44DDC /* FishCollectionViewCell.xib */,
			);
			path = Views;
			sourceTree = "<group>";
		};
		6F7C935328B3DB2600E44DDC /* Collection */ = {
			isa = PBXGroup;
			children = (
				6F7C934128B3B9F000E44DDC /* CollectionViewController.swift */,
				6F7C935528B633A800E44DDC /* GriddedContentCollectionViewDelegate.swift */,
				6F7C935728B6355B00E44DDC /* TabledContentCollectionViewDelegate.swift */,
				6F7C935928B636C700E44DDC /* DefaultCollectionViewDelegate.swift */,
			);
			path = Collection;
			sourceTree = "<group>";
		};
		6F7C935428B3DB3900E44DDC /* Details */ = {
			isa = PBXGroup;
			children = (
				6F7C935128B3C69400E44DDC /* DetailsViewController.swift */,
			);
			path = Details;
			sourceTree = "<group>";
		};
		787E04B4D2764E0224A8429F /* Pods */ = {
			isa = PBXGroup;
			children = (
				CABE03A0D48579FD5E8E12F7 /* Pods-CollectionView.debug.xcconfig */,
				B2C4F56E0509D6B1933866D2 /* Pods-CollectionView.release.xcconfig */,
			);
			path = Pods;
			sourceTree = "<group>";
		};
/* End PBXGroup section */

/* Begin PBXNativeTarget section */
		6F7C932928B3B51400E44DDC /* CollectionView */ = {
			isa = PBXNativeTarget;
			buildConfigurationList = 6F7C933E28B3B51400E44DDC /* Build configuration list for PBXNativeTarget "CollectionView" */;
			buildPhases = (
				5FF7547E216D315B15CFC8AF /* [CP] Check Pods Manifest.lock */,
				6F7C932628B3B51400E44DDC /* Sources */,
				6F7C932728B3B51400E44DDC /* Frameworks */,
				6F7C932828B3B51400E44DDC /* Resources */,
			);
			buildRules = (
			);
			dependencies = (
			);
			name = CollectionView;
			productName = CollectionView;
			productReference = 6F7C932A28B3B51400E44DDC /* CollectionView.app */;
			productType = "com.apple.product-type.application";
		};
/* End PBXNativeTarget section */

/* Begin PBXProject section */
		6F7C932228B3B51400E44DDC /* Project object */ = {
			isa = PBXProject;
			attributes = {
				BuildIndependentTargetsInParallel = 1;
				LastSwiftUpdateCheck = 1340;
				LastUpgradeCheck = 1340;
				TargetAttributes = {
					6F7C932928B3B51400E44DDC = {
						CreatedOnToolsVersion = 13.4.1;
					};
				};
			};
			buildConfigurationList = 6F7C932528B3B51400E44DDC /* Build configuration list for PBXProject "CollectionView" */;
			compatibilityVersion = "Xcode 13.0";
			developmentRegion = en;
			hasScannedForEncodings = 0;
			knownRegions = (
				en,
				Base,
			);
			mainGroup = 6F7C932128B3B51400E44DDC;
			productRefGroup = 6F7C932B28B3B51400E44DDC /* Products */;
			projectDirPath = "";
			projectRoot = "";
			targets = (
				6F7C932928B3B51400E44DDC /* CollectionView */,
			);
		};
/* End PBXProject section */

/* Begin PBXResourcesBuildPhase section */
		6F7C932828B3B51400E44DDC /* Resources */ = {
			isa = PBXResourcesBuildPhase;
			buildActionMask = 2147483647;
			files = (
				6F7C934D28B3BB5400E44DDC /* FishCollectionViewCell.xib in Resources */,
				6F7C933A28B3B51400E44DDC /* LaunchScreen.storyboard in Resources */,
				6F7C933728B3B51400E44DDC /* Assets.xcassets in Resources */,
				6F7C933528B3B51400E44DDC /* Main.storyboard in Resources */,
			);
			runOnlyForDeploymentPostprocessing = 0;
		};
/* End PBXResourcesBuildPhase section */

/* Begin PBXShellScriptBuildPhase section */
		5FF7547E216D315B15CFC8AF /* [CP] Check Pods Manifest.lock */ = {
			isa = PBXShellScriptBuildPhase;
			buildActionMask = 2147483647;
			files = (
			);
			inputFileListPaths = (
			);
			inputPaths = (
				"${PODS_PODFILE_DIR_PATH}/Podfile.lock",
				"${PODS_ROOT}/Manifest.lock",
			);
			name = "[CP] Check Pods Manifest.lock";
			outputFileListPaths = (
			);
			outputPaths = (
				"$(DERIVED_FILE_DIR)/Pods-CollectionView-checkManifestLockResult.txt",
			);
			runOnlyForDeploymentPostprocessing = 0;
			shellPath = /bin/sh;
			shellScript = "diff \"${PODS_PODFILE_DIR_PATH}/Podfile.lock\" \"${PODS_ROOT}/Manifest.lock\" > /dev/null\nif [ $? != 0 ] ; then\n    # print error to STDERR\n    echo \"error: The sandbox is not in sync with the Podfile.lock. Run 'pod install' or update your CocoaPods installation.\" >&2\n    exit 1\nfi\n# This output is used by Xcode 'outputs' to avoid re-running this script phase.\necho \"SUCCESS\" > \"${SCRIPT_OUTPUT_FILE_0}\"\n";
			showEnvVarsInLog = 0;
		};
/* End PBXShellScriptBuildPhase section */

/* Begin PBXSourcesBuildPhase section */
		6F7C932628B3B51400E44DDC /* Sources */ = {
			isa = PBXSourcesBuildPhase;
			buildActionMask = 2147483647;
			files = (
				6F7C934F28B3BCC000E44DDC /* Fish.swift in Sources */,
				6F7C935628B633A800E44DDC /* GriddedContentCollectionViewDelegate.swift in Sources */,
				6F7C934C28B3BB5400E44DDC /* FishCollectionViewCell.swift in Sources */,
				6F7C934228B3B9F000E44DDC /* CollectionViewController.swift in Sources */,
				6F7C932E28B3B51400E44DDC /* AppDelegate.swift in Sources */,
				6F7C935828B6355B00E44DDC /* TabledContentCollectionViewDelegate.swift in Sources */,
				6F7C935A28B636C700E44DDC /* DefaultCollectionViewDelegate.swift in Sources */,
				6F7C933028B3B51400E44DDC /* SceneDelegate.swift in Sources */,
				6F7C935228B3C69400E44DDC /* DetailsViewController.swift in Sources */,
			);
			runOnlyForDeploymentPostprocessing = 0;
		};
/* End PBXSourcesBuildPhase section */

/* Begin PBXVariantGroup section */
		6F7C933328B3B51400E44DDC /* Main.storyboard */ = {
			isa = PBXVariantGroup;
			children = (
				6F7C933428B3B51400E44DDC /* Base */,
			);
			name = Main.storyboard;
			sourceTree = "<group>";
		};
		6F7C933828B3B51400E44DDC /* LaunchScreen.storyboard */ = {
			isa = PBXVariantGroup;
			children = (
				6F7C933928B3B51400E44DDC /* Base */,
			);
			name = LaunchScreen.storyboard;
			sourceTree = "<group>";
		};
/* End PBXVariantGroup section */

/* Begin XCBuildConfiguration section */
		6F7C933C28B3B51400E44DDC /* Debug */ = {
			isa = XCBuildConfiguration;
			buildSettings = {
				ALWAYS_SEARCH_USER_PATHS = NO;
				CLANG_ANALYZER_NONNULL = YES;
				CLANG_ANALYZER_NUMBER_OBJECT_CONVERSION = YES_AGGRESSIVE;
				CLANG_CXX_LANGUAGE_STANDARD = "gnu++17";
				CLANG_ENABLE_MODULES = YES;
				CLANG_ENABLE_OBJC_ARC = YES;
				CLANG_ENABLE_OBJC_WEAK = YES;
				CLANG_WARN_BLOCK_CAPTURE_AUTORELEASING = YES;
				CLANG_WARN_BOOL_CONVERSION = YES;
				CLANG_WARN_COMMA = YES;
				CLANG_WARN_CONSTANT_CONVERSION = YES;
				CLANG_WARN_DEPRECATED_OBJC_IMPLEMENTATIONS = YES;
				CLANG_WARN_DIRECT_OBJC_ISA_USAGE = YES_ERROR;
				CLANG_WARN_DOCUMENTATION_COMMENTS = YES;
				CLANG_WARN_EMPTY_BODY = YES;
				CLANG_WARN_ENUM_CONVERSION = YES;
				CLANG_WARN_INFINITE_RECURSION = YES;
				CLANG_WARN_INT_CONVERSION = YES;
				CLANG_WARN_NON_LITERAL_NULL_CONVERSION = YES;
				CLANG_WARN_OBJC_IMPLICIT_RETAIN_SELF = YES;
				CLANG_WARN_OBJC_LITERAL_CONVERSION = YES;
				CLANG_WARN_OBJC_ROOT_CLASS = YES_ERROR;
				CLANG_WARN_QUOTED_INCLUDE_IN_FRAMEWORK_HEADER = YES;
				CLANG_WARN_RANGE_LOOP_ANALYSIS = YES;
				CLANG_WARN_STRICT_PROTOTYPES = YES;
				CLANG_WARN_SUSPICIOUS_MOVE = YES;
				CLANG_WARN_UNGUARDED_AVAILABILITY = YES_AGGRESSIVE;
				CLANG_WARN_UNREACHABLE_CODE = YES;
				CLANG_WARN__DUPLICATE_METHOD_MATCH = YES;
				COPY_PHASE_STRIP = NO;
				DEBUG_INFORMATION_FORMAT = dwarf;
				ENABLE_STRICT_OBJC_MSGSEND = YES;
				ENABLE_TESTABILITY = YES;
				GCC_C_LANGUAGE_STANDARD = gnu11;
				GCC_DYNAMIC_NO_PIC = NO;
				GCC_NO_COMMON_BLOCKS = YES;
				GCC_OPTIMIZATION_LEVEL = 0;
				GCC_PREPROCESSOR_DEFINITIONS = (
					"DEBUG=1",
					"$(inherited)",
				);
				GCC_WARN_64_TO_32_BIT_CONVERSION = YES;
				GCC_WARN_ABOUT_RETURN_TYPE = YES_ERROR;
				GCC_WARN_UNDECLARED_SELECTOR = YES;
				GCC_WARN_UNINITIALIZED_AUTOS = YES_AGGRESSIVE;
				GCC_WARN_UNUSED_FUNCTION = YES;
				GCC_WARN_UNUSED_VARIABLE = YES;
				IPHONEOS_DEPLOYMENT_TARGET = 15.5;
				MTL_ENABLE_DEBUG_INFO = INCLUDE_SOURCE;
				MTL_FAST_MATH = YES;
				ONLY_ACTIVE_ARCH = YES;
				SDKROOT = iphoneos;
				SWIFT_ACTIVE_COMPILATION_CONDITIONS = DEBUG;
				SWIFT_OPTIMIZATION_LEVEL = "-Onone";
			};
			name = Debug;
		};
		6F7C933D28B3B51400E44DDC /* Release */ = {
			isa = XCBuildConfiguration;
			buildSettings = {
				ALWAYS_SEARCH_USER_PATHS = NO;
				CLANG_ANALYZER_NONNULL = YES;
				CLANG_ANALYZER_NUMBER_OBJECT_CONVERSION = YES_AGGRESSIVE;
				CLANG_CXX_LANGUAGE_STANDARD = "gnu++17";
				CLANG_ENABLE_MODULES = YES;
				CLANG_ENABLE_OBJC_ARC = YES;
				CLANG_ENABLE_OBJC_WEAK = YES;
				CLANG_WARN_BLOCK_CAPTURE_AUTORELEASING = YES;
				CLANG_WARN_BOOL_CONVERSION = YES;
				CLANG_WARN_COMMA = YES;
				CLANG_WARN_CONSTANT_CONVERSION = YES;
				CLANG_WARN_DEPRECATED_OBJC_IMPLEMENTATIONS = YES;
				CLANG_WARN_DIRECT_OBJC_ISA_USAGE = YES_ERROR;
				CLANG_WARN_DOCUMENTATION_COMMENTS = YES;
				CLANG_WARN_EMPTY_BODY = YES;
				CLANG_WARN_ENUM_CONVERSION = YES;
				CLANG_WARN_INFINITE_RECURSION = YES;
				CLANG_WARN_INT_CONVERSION = YES;
				CLANG_WARN_NON_LITERAL_NULL_CONVERSION = YES;
				CLANG_WARN_OBJC_IMPLICIT_RETAIN_SELF = YES;
				CLANG_WARN_OBJC_LITERAL_CONVERSION = YES;
				CLANG_WARN_OBJC_ROOT_CLASS = YES_ERROR;
				CLANG_WARN_QUOTED_INCLUDE_IN_FRAMEWORK_HEADER = YES;
				CLANG_WARN_RANGE_LOOP_ANALYSIS = YES;
				CLANG_WARN_STRICT_PROTOTYPES = YES;
				CLANG_WARN_SUSPICIOUS_MOVE = YES;
				CLANG_WARN_UNGUARDED_AVAILABILITY = YES_AGGRESSIVE;
				CLANG_WARN_UNREACHABLE_CODE = YES;
				CLANG_WARN__DUPLICATE_METHOD_MATCH = YES;
				COPY_PHASE_STRIP = NO;
				DEBUG_INFORMATION_FORMAT = "dwarf-with-dsym";
				ENABLE_NS_ASSERTIONS = NO;
				ENABLE_STRICT_OBJC_MSGSEND = YES;
				GCC_C_LANGUAGE_STANDARD = gnu11;
				GCC_NO_COMMON_BLOCKS = YES;
				GCC_WARN_64_TO_32_BIT_CONVERSION = YES;
				GCC_WARN_ABOUT_RETURN_TYPE = YES_ERROR;
				GCC_WARN_UNDECLARED_SELECTOR = YES;
				GCC_WARN_UNINITIALIZED_AUTOS = YES_AGGRESSIVE;
				GCC_WARN_UNUSED_FUNCTION = YES;
				GCC_WARN_UNUSED_VARIABLE = YES;
				IPHONEOS_DEPLOYMENT_TARGET = 15.5;
				MTL_ENABLE_DEBUG_INFO = NO;
				MTL_FAST_MATH = YES;
				SDKROOT = iphoneos;
				SWIFT_COMPILATION_MODE = wholemodule;
				SWIFT_OPTIMIZATION_LEVEL = "-O";
				VALIDATE_PRODUCT = YES;
			};
			name = Release;
		};
		6F7C933F28B3B51400E44DDC /* Debug */ = {
			isa = XCBuildConfiguration;
			baseConfigurationReference = CABE03A0D48579FD5E8E12F7 /* Pods-CollectionView.debug.xcconfig */;
			buildSettings = {
				ASSETCATALOG_COMPILER_GLOBAL_ACCENT_COLOR_NAME = AccentColor;
				CODE_SIGN_STYLE = Automatic;
				CURRENT_PROJECT_VERSION = 1;
				DEVELOPMENT_TEAM = 2JQ2KT9P9N;
				GENERATE_INFOPLIST_FILE = YES;
				INFOPLIST_FILE = CollectionView/Info.plist;
				INFOPLIST_KEY_UIApplicationSupportsIndirectInputEvents = YES;
				INFOPLIST_KEY_UILaunchStoryboardName = LaunchScreen;
				INFOPLIST_KEY_UIMainStoryboardFile = Main;
				INFOPLIST_KEY_UISupportedInterfaceOrientations_iPad = "UIInterfaceOrientationPortrait UIInterfaceOrientationPortraitUpsideDown UIInterfaceOrientationLandscapeLeft UIInterfaceOrientationLandscapeRight";
				INFOPLIST_KEY_UISupportedInterfaceOrientations_iPhone = "UIInterfaceOrientationPortrait UIInterfaceOrientationLandscapeLeft UIInterfaceOrientationLandscapeRight";
				LD_RUNPATH_SEARCH_PATHS = (
					"$(inherited)",
					"@executable_path/Frameworks",
				);
				MARKETING_VERSION = 1.0;
				PRODUCT_BUNDLE_IDENTIFIER = "-11.CollectionView";
				PRODUCT_NAME = "$(TARGET_NAME)";
				SWIFT_EMIT_LOC_STRINGS = YES;
				SWIFT_VERSION = 5.0;
				TARGETED_DEVICE_FAMILY = "1,2";
			};
			name = Debug;
		};
		6F7C934028B3B51400E44DDC /* Release */ = {
			isa = XCBuildConfiguration;
			baseConfigurationReference = B2C4F56E0509D6B1933866D2 /* Pods-CollectionView.release.xcconfig */;
			buildSettings = {
				ASSETCATALOG_COMPILER_GLOBAL_ACCENT_COLOR_NAME = AccentColor;
				CODE_SIGN_STYLE = Automatic;
				CURRENT_PROJECT_VERSION = 1;
				DEVELOPMENT_TEAM = 2JQ2KT9P9N;
				GENERATE_INFOPLIST_FILE = YES;
				INFOPLIST_FILE = CollectionView/Info.plist;
				INFOPLIST_KEY_UIApplicationSupportsIndirectInputEvents = YES;
				INFOPLIST_KEY_UILaunchStoryboardName = LaunchScreen;
				INFOPLIST_KEY_UIMainStoryboardFile = Main;
				INFOPLIST_KEY_UISupportedInterfaceOrientations_iPad = "UIInterfaceOrientationPortrait UIInterfaceOrientationPortraitUpsideDown UIInterfaceOrientationLandscapeLeft UIInterfaceOrientationLandscapeRight";
				INFOPLIST_KEY_UISupportedInterfaceOrientations_iPhone = "UIInterfaceOrientationPortrait UIInterfaceOrientationLandscapeLeft UIInterfaceOrientationLandscapeRight";
				LD_RUNPATH_SEARCH_PATHS = (
					"$(inherited)",
					"@executable_path/Frameworks",
				);
				MARKETING_VERSION = 1.0;
				PRODUCT_BUNDLE_IDENTIFIER = "-11.CollectionView";
				PRODUCT_NAME = "$(TARGET_NAME)";
				SWIFT_EMIT_LOC_STRINGS = YES;
				SWIFT_VERSION = 5.0;
				TARGETED_DEVICE_FAMILY = "1,2";
			};
			name = Release;
		};
/* End XCBuildConfiguration section */

/* Begin XCConfigurationList section */
		6F7C932528B3B51400E44DDC /* Build configuration list for PBXProject "CollectionView" */ = {
			isa = XCConfigurationList;
			buildConfigurations = (
				6F7C933C28B3B51400E44DDC /* Debug */,
				6F7C933D28B3B51400E44DDC /* Release */,
			);
			defaultConfigurationIsVisible = 0;
			defaultConfigurationName = Release;
		};
		6F7C933E28B3B51400E44DDC /* Build configuration list for PBXNativeTarget "CollectionView" */ = {
			isa = XCConfigurationList;
			buildConfigurations = (
				6F7C933F28B3B51400E44DDC /* Debug */,
				6F7C934028B3B51400E44DDC /* Release */,
			);
			defaultConfigurationIsVisible = 0;
			defaultConfigurationName = Release;
		};
/* End XCConfigurationList section */
	};
	rootObject = 6F7C932228B3B51400E44DDC /* Project object */;
}
